// !$*UTF8*$!
{
	archiveVersion = 1;
	classes = {
	};
	objectVersion = 46;
	objects = {

/* Begin PBXBuildFile section */
		CB7CC9CB1CD21B4F003F70DA /* AppDelegate.swift in Sources */ = {isa = PBXBuildFile; fileRef = CB7CC9CA1CD21B4F003F70DA /* AppDelegate.swift */; };
		CB7CC9CD1CD21B4F003F70DA /* ViewController.swift in Sources */ = {isa = PBXBuildFile; fileRef = CB7CC9CC1CD21B4F003F70DA /* ViewController.swift */; };
		CB7CC9D01CD21B4F003F70DA /* Main.storyboard in Resources */ = {isa = PBXBuildFile; fileRef = CB7CC9CE1CD21B4F003F70DA /* Main.storyboard */; };
		CB7CC9D21CD21B4F003F70DA /* Images.xcassets in Resources */ = {isa = PBXBuildFile; fileRef = CB7CC9D11CD21B4F003F70DA /* Images.xcassets */; };
		CB7CC9D51CD21B4F003F70DA /* LaunchScreen.xib in Resources */ = {isa = PBXBuildFile; fileRef = CB7CC9D31CD21B4F003F70DA /* LaunchScreen.xib */; };
		CB7CC9E11CD21B4F003F70DA /* isPrimeTests.swift in Sources */ = {isa = PBXBuildFile; fileRef = CB7CC9E01CD21B4F003F70DA /* isPrimeTests.swift */; };
/* End PBXBuildFile section */

/* Begin PBXContainerItemProxy section */
		CB7CC9DB1CD21B4F003F70DA /* PBXContainerItemProxy */ = {
			isa = PBXContainerItemProxy;
			containerPortal = CB7CC9BD1CD21B4F003F70DA /* Project object */;
			proxyType = 1;
			remoteGlobalIDString = CB7CC9C41CD21B4F003F70DA;
			remoteInfo = isPrime;
		};
/* End PBXContainerItemProxy section */

/* Begin PBXFileReference section */
		CB7CC9C51CD21B4F003F70DA /* isPrime.app */ = {isa = PBXFileReference; explicitFileType = wrapper.application; includeInIndex = 0; path = isPrime.app; sourceTree = BUILT_PRODUCTS_DIR; };
		CB7CC9C91CD21B4F003F70DA /* Info.plist */ = {isa = PBXFileReference; lastKnownFileType = text.plist.xml; path = Info.plist; sourceTree = "<group>"; };
		CB7CC9CA1CD21B4F003F70DA /* AppDelegate.swift */ = {isa = PBXFileReference; lastKnownFileType = sourcecode.swift; path = AppDelegate.swift; sourceTree = "<group>"; };
		CB7CC9CC1CD21B4F003F70DA /* ViewController.swift */ = {isa = PBXFileReference; lastKnownFileType = sourcecode.swift; path = ViewController.swift; sourceTree = "<group>"; };
		CB7CC9CF1CD21B4F003F70DA /* Base */ = {isa = PBXFileReference; lastKnownFileType = file.storyboard; name = Base; path = Base.lproj/Main.storyboard; sourceTree = "<group>"; };
		CB7CC9D11CD21B4F003F70DA /* Images.xcassets */ = {isa = PBXFileReference; lastKnownFileType = folder.assetcatalog; path = Images.xcassets; sourceTree = "<group>"; };
		CB7CC9D41CD21B4F003F70DA /* Base */ = {isa = PBXFileReference; lastKnownFileType = file.xib; name = Base; path = Base.lproj/LaunchScreen.xib; sourceTree = "<group>"; };
		CB7CC9DA1CD21B4F003F70DA /* isPrimeTests.xctest */ = {isa = PBXFileReference; explicitFileType = wrapper.cfbundle; includeInIndex = 0; path = isPrimeTests.xctest; sourceTree = BUILT_PRODUCTS_DIR; };
		CB7CC9DF1CD21B4F003F70DA /* Info.plist */ = {isa = PBXFileReference; lastKnownFileType = text.plist.xml; path = Info.plist; sourceTree = "<group>"; };
		CB7CC9E01CD21B4F003F70DA /* isPrimeTests.swift */ = {isa = PBXFileReference; lastKnownFileType = sourcecode.swift; path = isPrimeTests.swift; sourceTree = "<group>"; };
/* End PBXFileReference section */

/* Begin PBXFrameworksBuildPhase section */
		CB7CC9C21CD21B4F003F70DA /* Frameworks */ = {
			isa = PBXFrameworksBuildPhase;
			buildActionMask = 2147483647;
			files = (
			);
			runOnlyForDeploymentPostprocessing = 0;
		};
		CB7CC9D71CD21B4F003F70DA /* Frameworks */ = {
			isa = PBXFrameworksBuildPhase;
			buildActionMask = 2147483647;
			files = (
			);
			runOnlyForDeploymentPostprocessing = 0;
		};
/* End PBXFrameworksBuildPhase section */

/* Begin PBXGroup section */
		CB7CC9BC1CD21B4F003F70DA = {
			isa = PBXGroup;
			children = (
				CB7CC9C71CD21B4F003F70DA /* isPrime */,
				CB7CC9DD1CD21B4F003F70DA /* isPrimeTests */,
				CB7CC9C61CD21B4F003F70DA /* Products */,
			);
			sourceTree = "<group>";
		};
		CB7CC9C61CD21B4F003F70DA /* Products */ = {
			isa = PBXGroup;
			children = (
				CB7CC9C51CD21B4F003F70DA /* isPrime.app */,
				CB7CC9DA1CD21B4F003F70DA /* isPrimeTests.xctest */,
			);
			name = Products;
			sourceTree = "<group>";
		};
		CB7CC9C71CD21B4F003F70DA /* isPrime */ = {
			isa = PBXGroup;
			children = (
				CB7CC9CA1CD21B4F003F70DA /* AppDelegate.swift */,
				CB7CC9CC1CD21B4F003F70DA /* ViewController.swift */,
				CB7CC9CE1CD21B4F003F70DA /* Main.storyboard */,
				CB7CC9D11CD21B4F003F70DA /* Images.xcassets */,
				CB7CC9D31CD21B4F003F70DA /* LaunchScreen.xib */,
				CB7CC9C81CD21B4F003F70DA /* Supporting Files */,
			);
			path = isPrime;
			sourceTree = "<group>";
		};
		CB7CC9C81CD21B4F003F70DA /* Supporting Files */ = {
			isa = PBXGroup;
			children = (
				CB7CC9C91CD21B4F003F70DA /* Info.plist */,
			);
			name = "Supporting Files";
			sourceTree = "<group>";
		};
		CB7CC9DD1CD21B4F003F70DA /* isPrimeTests */ = {
			isa = PBXGroup;
			children = (
				CB7CC9E01CD21B4F003F70DA /* isPrimeTests.swift */,
				CB7CC9DE1CD21B4F003F70DA /* Supporting Files */,
			);
			path = isPrimeTests;
			sourceTree = "<group>";
		};
		CB7CC9DE1CD21B4F003F70DA /* Supporting Files */ = {
			isa = PBXGroup;
			children = (
				CB7CC9DF1CD21B4F003F70DA /* Info.plist */,
			);
			name = "Supporting Files";
			sourceTree = "<group>";
		};
/* End PBXGroup section */

/* Begin PBXNativeTarget section */
		CB7CC9C41CD21B4F003F70DA /* isPrime */ = {
			isa = PBXNativeTarget;
			buildConfigurationList = CB7CC9E41CD21B4F003F70DA /* Build configuration list for PBXNativeTarget "isPrime" */;
			buildPhases = (
				CB7CC9C11CD21B4F003F70DA /* Sources */,
				CB7CC9C21CD21B4F003F70DA /* Frameworks */,
				CB7CC9C31CD21B4F003F70DA /* Resources */,
			);
			buildRules = (
			);
			dependencies = (
			);
			name = isPrime;
			productName = isPrime;
			productReference = CB7CC9C51CD21B4F003F70DA /* isPrime.app */;
			productType = "com.apple.product-type.application";
		};
		CB7CC9D91CD21B4F003F70DA /* isPrimeTests */ = {
			isa = PBXNativeTarget;
			buildConfigurationList = CB7CC9E71CD21B4F003F70DA /* Build configuration list for PBXNativeTarget "isPrimeTests" */;
			buildPhases = (
				CB7CC9D61CD21B4F003F70DA /* Sources */,
				CB7CC9D71CD21B4F003F70DA /* Frameworks */,
				CB7CC9D81CD21B4F003F70DA /* Resources */,
			);
			buildRules = (
			);
			dependencies = (
				CB7CC9DC1CD21B4F003F70DA /* PBXTargetDependency */,
			);
			name = isPrimeTests;
			productName = isPrimeTests;
			productReference = CB7CC9DA1CD21B4F003F70DA /* isPrimeTests.xctest */;
			productType = "com.apple.product-type.bundle.unit-test";
		};
/* End PBXNativeTarget section */

/* Begin PBXProject section */
		CB7CC9BD1CD21B4F003F70DA /* Project object */ = {
			isa = PBXProject;
			attributes = {
				LastUpgradeCheck = 0630;
				ORGANIZATIONNAME = "Sean Xiao";
				TargetAttributes = {
					CB7CC9C41CD21B4F003F70DA = {
						CreatedOnToolsVersion = 6.3.1;
					};
					CB7CC9D91CD21B4F003F70DA = {
						CreatedOnToolsVersion = 6.3.1;
						TestTargetID = CB7CC9C41CD21B4F003F70DA;
					};
				};
			};
			buildConfigurationList = CB7CC9C01CD21B4F003F70DA /* Build configuration list for PBXProject "isPrime" */;
			compatibilityVersion = "Xcode 3.2";
			developmentRegion = English;
			hasScannedForEncodings = 0;
			knownRegions = (
				en,
				Base,
			);
			mainGroup = CB7CC9BC1CD21B4F003F70DA;
			productRefGroup = CB7CC9C61CD21B4F003F70DA /* Products */;
			projectDirPath = "";
			projectRoot = "";
			targets = (
				CB7CC9C41CD21B4F003F70DA /* isPrime */,
				CB7CC9D91CD21B4F003F70DA /* isPrimeTests */,
			);
		};
/* End PBXProject section */

/* Begin PBXResourcesBuildPhase section */
		CB7CC9C31CD21B4F003F70DA /* Resources */ = {
			isa = PBXResourcesBuildPhase;
			buildActionMask = 2147483647;
			files = (
				CB7CC9D01CD21B4F003F70DA /* Main.storyboard in Resources */,
				CB7CC9D51CD21B4F003F70DA /* LaunchScreen.xib in Resources */,
				CB7CC9D21CD21B4F003F70DA /* Images.xcassets in Resources */,
			);
			runOnlyForDeploymentPostprocessing = 0;
		};
		CB7CC9D81CD21B4F003F70DA /* Resources */ = {
			isa = PBXResourcesBuildPhase;
			buildActionMask = 2147483647;
			files = (
			);
			runOnlyForDeploymentPostprocessing = 0;
		};
/* End PBXResourcesBuildPhase section */

/* Begin PBXSourcesBuildPhase section */
		CB7CC9C11CD21B4F003F70DA /* Sources */ = {
			isa = PBXSourcesBuildPhase;
			buildActionMask = 2147483647;
			files = (
				CB7CC9CD1CD21B4F003F70DA /* ViewController.swift in Sources */,
				CB7CC9CB1CD21B4F003F70DA /* AppDelegate.swift in Sources */,
			);
			runOnlyForDeploymentPostprocessing = 0;
		};
		CB7CC9D61CD21B4F003F70DA /* Sources */ = {
			isa = PBXSourcesBuildPhase;
			buildActionMask = 2147483647;
			files = (
				CB7CC9E11CD21B4F003F70DA /* isPrimeTests.swift in Sources */,
			);
			runOnlyForDeploymentPostprocessing = 0;
		};
/* End PBXSourcesBuildPhase section */

/* Begin PBXTargetDependency section */
		CB7CC9DC1CD21B4F003F70DA /* PBXTargetDependency */ = {
			isa = PBXTargetDependency;
			target = CB7CC9C41CD21B4F003F70DA /* isPrime */;
			targetProxy = CB7CC9DB1CD21B4F003F70DA /* PBXContainerItemProxy */;
		};
/* End PBXTargetDependency section */

/* Begin PBXVariantGroup section */
		CB7CC9CE1CD21B4F003F70DA /* Main.storyboard */ = {
			isa = PBXVariantGroup;
			children = (
				CB7CC9CF1CD21B4F003F70DA /* Base */,
			);
			name = Main.storyboard;
			sourceTree = "<group>";
		};
		CB7CC9D31CD21B4F003F70DA /* LaunchScreen.xib */ = {
			isa = PBXVariantGroup;
			children = (
				CB7CC9D41CD21B4F003F70DA /* Base */,
			);
			name = LaunchScreen.xib;
			sourceTree = "<group>";
		};
/* End PBXVariantGroup section */

/* Begin XCBuildConfiguration section */
		CB7CC9E21CD21B4F003F70DA /* Debug */ = {
			isa = XCBuildConfiguration;
			buildSettings = {
				ALWAYS_SEARCH_USER_PATHS = NO;
				CLANG_CXX_LANGUAGE_STANDARD = "gnu++0x";
				CLANG_CXX_LIBRARY = "libc++";
				CLANG_ENABLE_MODULES = YES;
				CLANG_ENABLE_OBJC_ARC = YES;
				CLANG_WARN_BOOL_CONVERSION = YES;
				CLANG_WARN_CONSTANT_CONVERSION = YES;
				CLANG_WARN_DIRECT_OBJC_ISA_USAGE = YES_ERROR;
				CLANG_WARN_EMPTY_BODY = YES;
				CLANG_WARN_ENUM_CONVERSION = YES;
				CLANG_WARN_INT_CONVERSION = YES;
				CLANG_WARN_OBJC_ROOT_CLASS = YES_ERROR;
				CLANG_WARN_UNREACHABLE_CODE = YES;
				CLANG_WARN__DUPLICATE_METHOD_MATCH = YES;
				"CODE_SIGN_IDENTITY[sdk=iphoneos*]" = "iPhone Developer";
				COPY_PHASE_STRIP = NO;
				DEBUG_INFORMATION_FORMAT = "dwarf-with-dsym";
				ENABLE_STRICT_OBJC_MSGSEND = YES;
				GCC_C_LANGUAGE_STANDARD = gnu99;
				GCC_DYNAMIC_NO_PIC = NO;
				GCC_NO_COMMON_BLOCKS = YES;
				GCC_OPTIMIZATION_LEVEL = 0;
				GCC_PREPROCESSOR_DEFINITIONS = (
					"DEBUG=1",
					"$(inherited)",
				);
				GCC_SYMBOLS_PRIVATE_EXTERN = NO;
				GCC_WARN_64_TO_32_BIT_CONVERSION = YES;
				GCC_WARN_ABOUT_RETURN_TYPE = YES_ERROR;
				GCC_WARN_UNDECLARED_SELECTOR = YES;
				GCC_WARN_UNINITIALIZED_AUTOS = YES_AGGRESSIVE;
				GCC_WARN_UNUSED_FUNCTION = YES;
				GCC_WARN_UNUSED_VARIABLE = YES;
				IPHONEOS_DEPLOYMENT_TARGET = 8.3;
				MTL_ENABLE_DEBUG_INFO = YES;
				ONLY_ACTIVE_ARCH = YES;
				SDKROOT = iphoneos;
				SWIFT_OPTIMIZATION_LEVEL = "-Onone";
			};
			name = Debug;
		};
		CB7CC9E31CD21B4F003F70DA /* Release */ = {
			isa = XCBuildConfiguration;
			buildSettings = {
				ALWAYS_SEARCH_USER_PATHS = NO;
				CLANG_CXX_LANGUAGE_STANDARD = "gnu++0x";
				CLANG_CXX_LIBRARY = "libc++";
				CLANG_ENABLE_MODULES = YES;
				CLANG_ENABLE_OBJC_ARC = YES;
				CLANG_WARN_BOOL_CONVERSION = YES;
				CLANG_WARN_CONSTANT_CONVERSION = YES;
				CLANG_WARN_DIRECT_OBJC_ISA_USAGE = YES_ERROR;
				CLANG_WARN_EMPTY_BODY = YES;
				CLANG_WARN_ENUM_CONVERSION = YES;
				CLANG_WARN_INT_CONVERSION = YES;
				CLANG_WARN_OBJC_ROOT_CLASS = YES_ERROR;
				CLANG_WARN_UNREACHABLE_CODE = YES;
				CLANG_WARN__DUPLICATE_METHOD_MATCH = YES;
				"CODE_SIGN_IDENTITY[sdk=iphoneos*]" = "iPhone Developer";
				COPY_PHASE_STRIP = NO;
				DEBUG_INFORMATION_FORMAT = "dwarf-with-dsym";
				ENABLE_NS_ASSERTIONS = NO;
				ENABLE_STRICT_OBJC_MSGSEND = YES;
				GCC_C_LANGUAGE_STANDARD = gnu99;
				GCC_NO_COMMON_BLOCKS = YES;
				GCC_WARN_64_TO_32_BIT_CONVERSION = YES;
				GCC_WARN_ABOUT_RETURN_TYPE = YES_ERROR;
				GCC_WARN_UNDECLARED_SELECTOR = YES;
				GCC_WARN_UNINITIALIZED_AUTOS = YES_AGGRESSIVE;
				GCC_WARN_UNUSED_FUNCTION = YES;
				GCC_WARN_UNUSED_VARIABLE = YES;
				IPHONEOS_DEPLOYMENT_TARGET = 8.3;
				MTL_ENABLE_DEBUG_INFO = NO;
				SDKROOT = iphoneos;
				VALIDATE_PRODUCT = YES;
			};
			name = Release;
		};
		CB7CC9E51CD21B4F003F70DA /* Debug */ = {
			isa = XCBuildConfiguration;
			buildSettings = {
				ASSETCATALOG_COMPILER_APPICON_NAME = AppIcon;
				INFOPLIST_FILE = isPrime/Info.plist;
				LD_RUNPATH_SEARCH_PATHS = "$(inherited) @executable_path/Frameworks";
				PRODUCT_NAME = "$(TARGET_NAME)";
			};
			name = Debug;
		};
		CB7CC9E61CD21B4F003F70DA /* Release */ = {
			isa = XCBuildConfiguration;
			buildSettings = {
				ASSETCATALOG_COMPILER_APPICON_NAME = AppIcon;
				INFOPLIST_FILE = isPrime/Info.plist;
				LD_RUNPATH_SEARCH_PATHS = "$(inherited) @executable_path/Frameworks";
				PRODUCT_NAME = "$(TARGET_NAME)";
			};
			name = Release;
		};
		CB7CC9E81CD21B4F003F70DA /* Debug */ = {
			isa = XCBuildConfiguration;
			buildSettings = {
				BUNDLE_LOADER = "$(TEST_HOST)";
				FRAMEWORK_SEARCH_PATHS = (
					"$(SDKROOT)/Developer/Library/Frameworks",
					"$(inherited)",
				);
				GCC_PREPROCESSOR_DEFINITIONS = (
					"DEBUG=1",
					"$(inherited)",
				);
				INFOPLIST_FILE = isPrimeTests/Info.plist;
				LD_RUNPATH_SEARCH_PATHS = "$(inherited) @executable_path/Frameworks @loader_path/Frameworks";
				PRODUCT_NAME = "$(TARGET_NAME)";
				TEST_HOST = "$(BUILT_PRODUCTS_DIR)/isPrime.app/isPrime";
			};
			name = Debug;
		};
		CB7CC9E91CD21B4F003F70DA /* Release */ = {
			isa = XCBuildConfiguration;
			buildSettings = {
				BUNDLE_LOADER = "$(TEST_HOST)";
				FRAMEWORK_SEARCH_PATHS = (
					"$(SDKROOT)/Developer/Library/Frameworks",
					"$(inherited)",
				);
				INFOPLIST_FILE = isPrimeTests/Info.plist;
				LD_RUNPATH_SEARCH_PATHS = "$(inherited) @executable_path/Frameworks @loader_path/Frameworks";
				PRODUCT_NAME = "$(TARGET_NAME)";
				TEST_HOST = "$(BUILT_PRODUCTS_DIR)/isPrime.app/isPrime";
			};
			name = Release;
		};
/* End XCBuildConfiguration section */

/* Begin XCConfigurationList section */
		CB7CC9C01CD21B4F003F70DA /* Build configuration list for PBXProject "isPrime" */ = {
			isa = XCConfigurationList;
			buildConfigurations = (
				CB7CC9E21CD21B4F003F70DA /* Debug */,
				CB7CC9E31CD21B4F003F70DA /* Release */,
			);
			defaultConfigurationIsVisible = 0;
			defaultConfigurationName = Release;
		};
		CB7CC9E41CD21B4F003F70DA /* Build configuration list for PBXNativeTarget "isPrime" */ = {
			isa = XCConfigurationList;
			buildConfigurations = (
				CB7CC9E51CD21B4F003F70DA /* Debug */,
				CB7CC9E61CD21B4F003F70DA /* Release */,
			);
			defaultConfigurationIsVisible = 0;
		};
		CB7CC9E71CD21B4F003F70DA /* Build configuration list for PBXNativeTarget "isPrimeTests" */ = {
			isa = XCConfigurationList;
			buildConfigurations = (
				CB7CC9E81CD21B4F003F70DA /* Debug */,
				CB7CC9E91CD21B4F003F70DA /* Release */,
			);
			defaultConfigurationIsVisible = 0;
		};
/* End XCConfigurationList section */
	};
	rootObject = CB7CC9BD1CD21B4F003F70DA /* Project object */;
}
